
Microsoft Visual Studio Solution File, Format Version 12.00
# Visual Studio Version 17
VisualStudioVersion = 17.2.32616.157
MinimumVisualStudioVersion = 10.0.40219.1
Project("{FAE04EC0-301F-11D3-BF4B-00C04F79EFBC}") = "Nyko-CarServiceStation", "Nyko-CarServiceStation\Nyko-CarServiceStation.csproj", "{59499996-104B-4BF4-B0CA-8B8C55E1D7A9}"
EndProject
Global
	GlobalSection(SolutionConfigurationPlatforms) = preSolution
		Debug|Any CPU = Debug|Any CPU
		Release|Any CPU = Release|Any CPU
	EndGlobalSection
	GlobalSection(ProjectConfigurationPlatforms) = postSolution
		{59499996-104B-4BF4-B0CA-8B8C55E1D7A9}.Debug|Any CPU.ActiveCfg = Debug|Any CPU
		{59499996-104B-4BF4-B0CA-8B8C55E1D7A9}.Debug|Any CPU.Build.0 = Debug|Any CPU
		{59499996-104B-4BF4-B0CA-8B8C55E1D7A9}.Release|Any CPU.ActiveCfg = Release|Any CPU
		{59499996-104B-4BF4-B0CA-8B8C55E1D7A9}.Release|Any CPU.Build.0 = Release|Any CPU
	EndGlobalSection
	GlobalSection(SolutionProperties) = preSolution
		HideSolutionNode = FALSE
	EndGlobalSection
	GlobalSection(ExtensibilityGlobals) = postSolution
		SolutionGuid = {338FA673-F682-4AB8-BD50-AC0948F59C08}
	EndGlobalSection
EndGlobal
